
Microsoft Visual Studio Solution File, Format Version 12.00
# Visual Studio 15
VisualStudioVersion = 15.0.27703.2042
MinimumVisualStudioVersion = 10.0.40219.1
Project("{9A19103F-16F7-4668-BE54-9A1E7A4F7556}") = "Repository", "RepositoryLibrary\Repository.csproj", "{549F4513-1CCC-4F31-B48B-930F1C8043C5}"
EndProject
Project("{9A19103F-16F7-4668-BE54-9A1E7A4F7556}") = "BusinessModel", "CommonTypeModel\BusinessModel.csproj", "{10CDF98E-6824-4140-89BC-56C6D7267E56}"
EndProject
Project("{9A19103F-16F7-4668-BE54-9A1E7A4F7556}") = "TenantWebAPI", "TestAPI\TenantWebAPI.csproj", "{2514F558-C44D-47DC-A8EF-EACDB0CAE966}"
EndProject
Project("{9A19103F-16F7-4668-BE54-9A1E7A4F7556}") = "Service", "Service\Service.csproj", "{8572ECC6-1251-467C-A664-DAF31604F966}"
EndProject
Project("{9A19103F-16F7-4668-BE54-9A1E7A4F7556}") = "UnitTestTenant", "UnitTestTenant\UnitTestTenant.csproj", "{D6D7E9D6-B7A8-4117-9A85-E4E72D3FA4E9}"
EndProject
Global
	GlobalSection(SolutionConfigurationPlatforms) = preSolution
		Debug|Any CPU = Debug|Any CPU
		Release|Any CPU = Release|Any CPU
	EndGlobalSection
	GlobalSection(ProjectConfigurationPlatforms) = postSolution
		{549F4513-1CCC-4F31-B48B-930F1C8043C5}.Debug|Any CPU.ActiveCfg = Debug|Any CPU
		{549F4513-1CCC-4F31-B48B-930F1C8043C5}.Debug|Any CPU.Build.0 = Debug|Any CPU
		{549F4513-1CCC-4F31-B48B-930F1C8043C5}.Release|Any CPU.ActiveCfg = Release|Any CPU
		{549F4513-1CCC-4F31-B48B-930F1C8043C5}.Release|Any CPU.Build.0 = Release|Any CPU
		{10CDF98E-6824-4140-89BC-56C6D7267E56}.Debug|Any CPU.ActiveCfg = Debug|Any CPU
		{10CDF98E-6824-4140-89BC-56C6D7267E56}.Debug|Any CPU.Build.0 = Debug|Any CPU
		{10CDF98E-6824-4140-89BC-56C6D7267E56}.Release|Any CPU.ActiveCfg = Release|Any CPU
		{10CDF98E-6824-4140-89BC-56C6D7267E56}.Release|Any CPU.Build.0 = Release|Any CPU
		{2514F558-C44D-47DC-A8EF-EACDB0CAE966}.Debug|Any CPU.ActiveCfg = Debug|Any CPU
		{2514F558-C44D-47DC-A8EF-EACDB0CAE966}.Debug|Any CPU.Build.0 = Debug|Any CPU
		{2514F558-C44D-47DC-A8EF-EACDB0CAE966}.Release|Any CPU.ActiveCfg = Release|Any CPU
		{2514F558-C44D-47DC-A8EF-EACDB0CAE966}.Release|Any CPU.Build.0 = Release|Any CPU
		{8572ECC6-1251-467C-A664-DAF31604F966}.Debug|Any CPU.ActiveCfg = Debug|Any CPU
		{8572ECC6-1251-467C-A664-DAF31604F966}.Debug|Any CPU.Build.0 = Debug|Any CPU
		{8572ECC6-1251-467C-A664-DAF31604F966}.Release|Any CPU.ActiveCfg = Release|Any CPU
		{8572ECC6-1251-467C-A664-DAF31604F966}.Release|Any CPU.Build.0 = Release|Any CPU
		{D6D7E9D6-B7A8-4117-9A85-E4E72D3FA4E9}.Debug|Any CPU.ActiveCfg = Debug|Any CPU
		{D6D7E9D6-B7A8-4117-9A85-E4E72D3FA4E9}.Debug|Any CPU.Build.0 = Debug|Any CPU
		{D6D7E9D6-B7A8-4117-9A85-E4E72D3FA4E9}.Release|Any CPU.ActiveCfg = Release|Any CPU
		{D6D7E9D6-B7A8-4117-9A85-E4E72D3FA4E9}.Release|Any CPU.Build.0 = Release|Any CPU
	EndGlobalSection
	GlobalSection(SolutionProperties) = preSolution
		HideSolutionNode = FALSE
	EndGlobalSection
	GlobalSection(ExtensibilityGlobals) = postSolution
		SolutionGuid = {68787E05-5C38-4801-ADBB-94F03D5B1C3B}
	EndGlobalSection
EndGlobal
